
Microsoft Visual Studio Solution File, Format Version 12.00
# Visual Studio Version 16
VisualStudioVersion = 16.0.30907.101
MinimumVisualStudioVersion = 10.0.40219.1
Project("{FAE04EC0-301F-11D3-BF4B-00C04F79EFBC}") = "TP2", "TP2\TP2.csproj", "{38855CAF-2B8A-4731-B961-58816F54E445}"
EndProject
Project("{FAE04EC0-301F-11D3-BF4B-00C04F79EFBC}") = "TP2.Library", "TP2.Library\TP2.Library.csproj", "{CB479FD7-3740-4595-A1BD-53B4E36D83C5}"
EndProject
Global
	GlobalSection(SolutionConfigurationPlatforms) = preSolution
		Debug|Any CPU = Debug|Any CPU
		Release|Any CPU = Release|Any CPU
	EndGlobalSection
	GlobalSection(ProjectConfigurationPlatforms) = postSolution
		{38855CAF-2B8A-4731-B961-58816F54E445}.Debug|Any CPU.ActiveCfg = Debug|Any CPU
		{38855CAF-2B8A-4731-B961-58816F54E445}.Debug|Any CPU.Build.0 = Debug|Any CPU
		{38855CAF-2B8A-4731-B961-58816F54E445}.Release|Any CPU.ActiveCfg = Release|Any CPU
		{38855CAF-2B8A-4731-B961-58816F54E445}.Release|Any CPU.Build.0 = Release|Any CPU
		{CB479FD7-3740-4595-A1BD-53B4E36D83C5}.Debug|Any CPU.ActiveCfg = Debug|Any CPU
		{CB479FD7-3740-4595-A1BD-53B4E36D83C5}.Debug|Any CPU.Build.0 = Debug|Any CPU
		{CB479FD7-3740-4595-A1BD-53B4E36D83C5}.Release|Any CPU.ActiveCfg = Release|Any CPU
		{CB479FD7-3740-4595-A1BD-53B4E36D83C5}.Release|Any CPU.Build.0 = Release|Any CPU
	EndGlobalSection
	GlobalSection(SolutionProperties) = preSolution
		HideSolutionNode = FALSE
	EndGlobalSection
	GlobalSection(ExtensibilityGlobals) = postSolution
		SolutionGuid = {48DB3C66-B601-4F8E-948F-2E5AE4E41CD8}
	EndGlobalSection
EndGlobal
